
Microsoft Visual Studio Solution File, Format Version 12.00
# Visual Studio 15
VisualStudioVersion = 15.0.27428.2037
MinimumVisualStudioVersion = 10.0.40219.1
Project("{FAE04EC0-301F-11D3-BF4B-00C04F79EFBC}") = "HelloXamarin.Android", "HelloXamarin\HelloXamarin.Android\HelloXamarin.Android.csproj", "{552E14D0-E1D6-4AFC-8C25-9C48EA67B925}"
EndProject
Project("{FAE04EC0-301F-11D3-BF4B-00C04F79EFBC}") = "HelloXamarin.iOS", "HelloXamarin\HelloXamarin.iOS\HelloXamarin.iOS.csproj", "{11F36A81-E5BB-4AFF-86F7-CCDE1C14A824}"
EndProject
Project("{FAE04EC0-301F-11D3-BF4B-00C04F79EFBC}") = "HelloXamarin.UWP", "HelloXamarin\HelloXamarin.UWP\HelloXamarin.UWP.csproj", "{12583420-26C9-41AA-9C43-7A802D7C520B}"
EndProject
Project("{D954291E-2A0B-460D-934E-DC6B0785DB48}") = "HelloXamarin", "HelloXamarin\HelloXamarin\HelloXamarin.shproj", "{48A15BC2-5EA1-40ED-BE26-5C6A8D191414}"
EndProject
Global
	GlobalSection(SharedMSBuildProjectFiles) = preSolution
		HelloXamarin\HelloXamarin\HelloXamarin.projitems*{11f36a81-e5bb-4aff-86f7-ccde1c14a824}*SharedItemsImports = 4
		HelloXamarin\HelloXamarin\HelloXamarin.projitems*{12583420-26c9-41aa-9c43-7a802d7c520b}*SharedItemsImports = 4
		HelloXamarin\HelloXamarin\HelloXamarin.projitems*{48a15bc2-5ea1-40ed-be26-5c6a8d191414}*SharedItemsImports = 13
		HelloXamarin\HelloXamarin\HelloXamarin.projitems*{552e14d0-e1d6-4afc-8c25-9c48ea67b925}*SharedItemsImports = 4
	EndGlobalSection
	GlobalSection(SolutionConfigurationPlatforms) = preSolution
		Ad-Hoc|Any CPU = Ad-Hoc|Any CPU
		Ad-Hoc|ARM = Ad-Hoc|ARM
		Ad-Hoc|iPhone = Ad-Hoc|iPhone
		Ad-Hoc|iPhoneSimulator = Ad-Hoc|iPhoneSimulator
		Ad-Hoc|x64 = Ad-Hoc|x64
		Ad-Hoc|x86 = Ad-Hoc|x86
		AppStore|Any CPU = AppStore|Any CPU
		AppStore|ARM = AppStore|ARM
		AppStore|iPhone = AppStore|iPhone
		AppStore|iPhoneSimulator = AppStore|iPhoneSimulator
		AppStore|x64 = AppStore|x64
		AppStore|x86 = AppStore|x86
		Debug|Any CPU = Debug|Any CPU
		Debug|ARM = Debug|ARM
		Debug|iPhone = Debug|iPhone
		Debug|iPhoneSimulator = Debug|iPhoneSimulator
		Debug|x64 = Debug|x64
		Debug|x86 = Debug|x86
		Release|Any CPU = Release|Any CPU
		Release|ARM = Release|ARM
		Release|iPhone = Release|iPhone
		Release|iPhoneSimulator = Release|iPhoneSimulator
		Release|x64 = Release|x64
		Release|x86 = Release|x86
	EndGlobalSection
	GlobalSection(ProjectConfigurationPlatforms) = postSolution
		{552E14D0-E1D6-4AFC-8C25-9C48EA67B925}.Ad-Hoc|Any CPU.ActiveCfg = Release|Any CPU
		{552E14D0-E1D6-4AFC-8C25-9C48EA67B925}.Ad-Hoc|Any CPU.Build.0 = Release|Any CPU
		{552E14D0-E1D6-4AFC-8C25-9C48EA67B925}.Ad-Hoc|Any CPU.Deploy.0 = Release|Any CPU
		{552E14D0-E1D6-4AFC-8C25-9C48EA67B925}.Ad-Hoc|ARM.ActiveCfg = Release|Any CPU
		{552E14D0-E1D6-4AFC-8C25-9C48EA67B925}.Ad-Hoc|ARM.Build.0 = Release|Any CPU
		{552E14D0-E1D6-4AFC-8C25-9C48EA67B925}.Ad-Hoc|ARM.Deploy.0 = Release|Any CPU
		{552E14D0-E1D6-4AFC-8C25-9C48EA67B925}.Ad-Hoc|iPhone.ActiveCfg = Release|Any CPU
		{552E14D0-E1D6-4AFC-8C25-9C48EA67B925}.Ad-Hoc|iPhone.Build.0 = Release|Any CPU
		{552E14D0-E1D6-4AFC-8C25-9C48EA67B925}.Ad-Hoc|iPhone.Deploy.0 = Release|Any CPU
		{552E14D0-E1D6-4AFC-8C25-9C48EA67B925}.Ad-Hoc|iPhoneSimulator.ActiveCfg = Release|Any CPU
		{552E14D0-E1D6-4AFC-8C25-9C48EA67B925}.Ad-Hoc|iPhoneSimulator.Build.0 = Release|Any CPU
		{552E14D0-E1D6-4AFC-8C25-9C48EA67B925}.Ad-Hoc|iPhoneSimulator.Deploy.0 = Release|Any CPU
		{552E14D0-E1D6-4AFC-8C25-9C48EA67B925}.Ad-Hoc|x64.ActiveCfg = Release|Any CPU
		{552E14D0-E1D6-4AFC-8C25-9C48EA67B925}.Ad-Hoc|x64.Build.0 = Release|Any CPU
		{552E14D0-E1D6-4AFC-8C25-9C48EA67B925}.Ad-Hoc|x64.Deploy.0 = Release|Any CPU
		{552E14D0-E1D6-4AFC-8C25-9C48EA67B925}.Ad-Hoc|x86.ActiveCfg = Release|Any CPU
		{552E14D0-E1D6-4AFC-8C25-9C48EA67B925}.Ad-Hoc|x86.Build.0 = Release|Any CPU
		{552E14D0-E1D6-4AFC-8C25-9C48EA67B925}.Ad-Hoc|x86.Deploy.0 = Release|Any CPU
		{552E14D0-E1D6-4AFC-8C25-9C48EA67B925}.AppStore|Any CPU.ActiveCfg = Release|Any CPU
		{552E14D0-E1D6-4AFC-8C25-9C48EA67B925}.AppStore|Any CPU.Build.0 = Release|Any CPU
		{552E14D0-E1D6-4AFC-8C25-9C48EA67B925}.AppStore|Any CPU.Deploy.0 = Release|Any CPU
		{552E14D0-E1D6-4AFC-8C25-9C48EA67B925}.AppStore|ARM.ActiveCfg = Release|Any CPU
		{552E14D0-E1D6-4AFC-8C25-9C48EA67B925}.AppStore|ARM.Build.0 = Release|Any CPU
		{552E14D0-E1D6-4AFC-8C25-9C48EA67B925}.AppStore|ARM.Deploy.0 = Release|Any CPU
		{552E14D0-E1D6-4AFC-8C25-9C48EA67B925}.AppStore|iPhone.ActiveCfg = Release|Any CPU
		{552E14D0-E1D6-4AFC-8C25-9C48EA67B925}.AppStore|iPhone.Build.0 = Release|Any CPU
		{552E14D0-E1D6-4AFC-8C25-9C48EA67B925}.AppStore|iPhone.Deploy.0 = Release|Any CPU
		{552E14D0-E1D6-4AFC-8C25-9C48EA67B925}.AppStore|iPhoneSimulator.ActiveCfg = Release|Any CPU
		{552E14D0-E1D6-4AFC-8C25-9C48EA67B925}.AppStore|iPhoneSimulator.Build.0 = Release|Any CPU
		{552E14D0-E1D6-4AFC-8C25-9C48EA67B925}.AppStore|iPhoneSimulator.Deploy.0 = Release|Any CPU
		{552E14D0-E1D6-4AFC-8C25-9C48EA67B925}.AppStore|x64.ActiveCfg = Release|Any CPU
		{552E14D0-E1D6-4AFC-8C25-9C48EA67B925}.AppStore|x64.Build.0 = Release|Any CPU
		{552E14D0-E1D6-4AFC-8C25-9C48EA67B925}.AppStore|x64.Deploy.0 = Release|Any CPU
		{552E14D0-E1D6-4AFC-8C25-9C48EA67B925}.AppStore|x86.ActiveCfg = Release|Any CPU
		{552E14D0-E1D6-4AFC-8C25-9C48EA67B925}.AppStore|x86.Build.0 = Release|Any CPU
		{552E14D0-E1D6-4AFC-8C25-9C48EA67B925}.AppStore|x86.Deploy.0 = Release|Any CPU
		{552E14D0-E1D6-4AFC-8C25-9C48EA67B925}.Debug|Any CPU.ActiveCfg = Debug|Any CPU
		{552E14D0-E1D6-4AFC-8C25-9C48EA67B925}.Debug|Any CPU.Build.0 = Debug|Any CPU
		{552E14D0-E1D6-4AFC-8C25-9C48EA67B925}.Debug|Any CPU.Deploy.0 = Debug|Any CPU
		{552E14D0-E1D6-4AFC-8C25-9C48EA67B925}.Debug|ARM.ActiveCfg = Debug|Any CPU
		{552E14D0-E1D6-4AFC-8C25-9C48EA67B925}.Debug|ARM.Build.0 = Debug|Any CPU
		{552E14D0-E1D6-4AFC-8C25-9C48EA67B925}.Debug|ARM.Deploy.0 = Debug|Any CPU
		{552E14D0-E1D6-4AFC-8C25-9C48EA67B925}.Debug|iPhone.ActiveCfg = Debug|Any CPU
		{552E14D0-E1D6-4AFC-8C25-9C48EA67B925}.Debug|iPhone.Build.0 = Debug|Any CPU
		{552E14D0-E1D6-4AFC-8C25-9C48EA67B925}.Debug|iPhone.Deploy.0 = Debug|Any CPU
		{552E14D0-E1D6-4AFC-8C25-9C48EA67B925}.Debug|iPhoneSimulator.ActiveCfg = Debug|Any CPU
		{552E14D0-E1D6-4AFC-8C25-9C48EA67B925}.Debug|iPhoneSimulator.Build.0 = Debug|Any CPU
		{552E14D0-E1D6-4AFC-8C25-9C48EA67B925}.Debug|iPhoneSimulator.Deploy.0 = Debug|Any CPU
		{552E14D0-E1D6-4AFC-8C25-9C48EA67B925}.Debug|x64.ActiveCfg = Debug|Any CPU
		{552E14D0-E1D6-4AFC-8C25-9C48EA67B925}.Debug|x64.Build.0 = Debug|Any CPU
		{552E14D0-E1D6-4AFC-8C25-9C48EA67B925}.Debug|x64.Deploy.0 = Debug|Any CPU
		{552E14D0-E1D6-4AFC-8C25-9C48EA67B925}.Debug|x86.ActiveCfg = Debug|Any CPU
		{552E14D0-E1D6-4AFC-8C25-9C48EA67B925}.Debug|x86.Build.0 = Debug|Any CPU
		{552E14D0-E1D6-4AFC-8C25-9C48EA67B925}.Debug|x86.Deploy.0 = Debug|Any CPU
		{552E14D0-E1D6-4AFC-8C25-9C48EA67B925}.Release|Any CPU.ActiveCfg = Release|Any CPU
		{552E14D0-E1D6-4AFC-8C25-9C48EA67B925}.Release|Any CPU.Build.0 = Release|Any CPU
		{552E14D0-E1D6-4AFC-8C25-9C48EA67B925}.Release|Any CPU.Deploy.0 = Release|Any CPU
		{552E14D0-E1D6-4AFC-8C25-9C48EA67B925}.Release|ARM.ActiveCfg = Release|Any CPU
		{552E14D0-E1D6-4AFC-8C25-9C48EA67B925}.Release|ARM.Build.0 = Release|Any CPU
		{552E14D0-E1D6-4AFC-8C25-9C48EA67B925}.Release|ARM.Deploy.0 = Release|Any CPU
		{552E14D0-E1D6-4AFC-8C25-9C48EA67B925}.Release|iPhone.ActiveCfg = Release|Any CPU
		{552E14D0-E1D6-4AFC-8C25-9C48EA67B925}.Release|iPhone.Build.0 = Release|Any CPU
		{552E14D0-E1D6-4AFC-8C25-9C48EA67B925}.Release|iPhone.Deploy.0 = Release|Any CPU
		{552E14D0-E1D6-4AFC-8C25-9C48EA67B925}.Release|iPhoneSimulator.ActiveCfg = Release|Any CPU
		{552E14D0-E1D6-4AFC-8C25-9C48EA67B925}.Release|iPhoneSimulator.Build.0 = Release|Any CPU
		{552E14D0-E1D6-4AFC-8C25-9C48EA67B925}.Release|iPhoneSimulator.Deploy.0 = Release|Any CPU
		{552E14D0-E1D6-4AFC-8C25-9C48EA67B925}.Release|x64.ActiveCfg = Release|Any CPU
		{552E14D0-E1D6-4AFC-8C25-9C48EA67B925}.Release|x64.Build.0 = Release|Any CPU
		{552E14D0-E1D6-4AFC-8C25-9C48EA67B925}.Release|x64.Deploy.0 = Release|Any CPU
		{552E14D0-E1D6-4AFC-8C25-9C48EA67B925}.Release|x86.ActiveCfg = Release|Any CPU
		{552E14D0-E1D6-4AFC-8C25-9C48EA67B925}.Release|x86.Build.0 = Release|Any CPU
		{552E14D0-E1D6-4AFC-8C25-9C48EA67B925}.Release|x86.Deploy.0 = Release|Any CPU
		{11F36A81-E5BB-4AFF-86F7-CCDE1C14A824}.Ad-Hoc|Any CPU.ActiveCfg = Ad-Hoc|iPhone
		{11F36A81-E5BB-4AFF-86F7-CCDE1C14A824}.Ad-Hoc|ARM.ActiveCfg = Ad-Hoc|iPhone
		{11F36A81-E5BB-4AFF-86F7-CCDE1C14A824}.Ad-Hoc|iPhone.ActiveCfg = Ad-Hoc|iPhone
		{11F36A81-E5BB-4AFF-86F7-CCDE1C14A824}.Ad-Hoc|iPhone.Build.0 = Ad-Hoc|iPhone
		{11F36A81-E5BB-4AFF-86F7-CCDE1C14A824}.Ad-Hoc|iPhoneSimulator.ActiveCfg = Ad-Hoc|iPhoneSimulator
		{11F36A81-E5BB-4AFF-86F7-CCDE1C14A824}.Ad-Hoc|iPhoneSimulator.Build.0 = Ad-Hoc|iPhoneSimulator
		{11F36A81-E5BB-4AFF-86F7-CCDE1C14A824}.Ad-Hoc|x64.ActiveCfg = Ad-Hoc|iPhone
		{11F36A81-E5BB-4AFF-86F7-CCDE1C14A824}.Ad-Hoc|x86.ActiveCfg = Ad-Hoc|iPhone
		{11F36A81-E5BB-4AFF-86F7-CCDE1C14A824}.AppStore|Any CPU.ActiveCfg = AppStore|iPhone
		{11F36A81-E5BB-4AFF-86F7-CCDE1C14A824}.AppStore|ARM.ActiveCfg = AppStore|iPhone
		{11F36A81-E5BB-4AFF-86F7-CCDE1C14A824}.AppStore|iPhone.ActiveCfg = AppStore|iPhone
		{11F36A81-E5BB-4AFF-86F7-CCDE1C14A824}.AppStore|iPhone.Build.0 = AppStore|iPhone
		{11F36A81-E5BB-4AFF-86F7-CCDE1C14A824}.AppStore|iPhoneSimulator.ActiveCfg = AppStore|iPhoneSimulator
		{11F36A81-E5BB-4AFF-86F7-CCDE1C14A824}.AppStore|iPhoneSimulator.Build.0 = AppStore|iPhoneSimulator
		{11F36A81-E5BB-4AFF-86F7-CCDE1C14A824}.AppStore|x64.ActiveCfg = AppStore|iPhone
		{11F36A81-E5BB-4AFF-86F7-CCDE1C14A824}.AppStore|x86.ActiveCfg = AppStore|iPhone
		{11F36A81-E5BB-4AFF-86F7-CCDE1C14A824}.Debug|Any CPU.ActiveCfg = Debug|iPhone
		{11F36A81-E5BB-4AFF-86F7-CCDE1C14A824}.Debug|ARM.ActiveCfg = Debug|iPhone
		{11F36A81-E5BB-4AFF-86F7-CCDE1C14A824}.Debug|iPhone.ActiveCfg = Debug|iPhone
		{11F36A81-E5BB-4AFF-86F7-CCDE1C14A824}.Debug|iPhone.Build.0 = Debug|iPhone
		{11F36A81-E5BB-4AFF-86F7-CCDE1C14A824}.Debug|iPhoneSimulator.ActiveCfg = Debug|iPhoneSimulator
		{11F36A81-E5BB-4AFF-86F7-CCDE1C14A824}.Debug|iPhoneSimulator.Build.0 = Debug|iPhoneSimulator
		{11F36A81-E5BB-4AFF-86F7-CCDE1C14A824}.Debug|x64.ActiveCfg = Debug|iPhone
		{11F36A81-E5BB-4AFF-86F7-CCDE1C14A824}.Debug|x86.ActiveCfg = Debug|iPhone
		{11F36A81-E5BB-4AFF-86F7-CCDE1C14A824}.Release|Any CPU.ActiveCfg = Release|iPhone
		{11F36A81-E5BB-4AFF-86F7-CCDE1C14A824}.Release|ARM.ActiveCfg = Release|iPhone
		{11F36A81-E5BB-4AFF-86F7-CCDE1C14A824}.Release|iPhone.ActiveCfg = Release|iPhone
		{11F36A81-E5BB-4AFF-86F7-CCDE1C14A824}.Release|iPhone.Build.0 = Release|iPhone
		{11F36A81-E5BB-4AFF-86F7-CCDE1C14A824}.Release|iPhoneSimulator.ActiveCfg = Release|iPhoneSimulator
		{11F36A81-E5BB-4AFF-86F7-CCDE1C14A824}.Release|iPhoneSimulator.Build.0 = Release|iPhoneSimulator
		{11F36A81-E5BB-4AFF-86F7-CCDE1C14A824}.Release|x64.ActiveCfg = Release|iPhone
		{11F36A81-E5BB-4AFF-86F7-CCDE1C14A824}.Release|x86.ActiveCfg = Release|iPhone
		{12583420-26C9-41AA-9C43-7A802D7C520B}.Ad-Hoc|Any CPU.ActiveCfg = Release|x86
		{12583420-26C9-41AA-9C43-7A802D7C520B}.Ad-Hoc|Any CPU.Build.0 = Release|x86
		{12583420-26C9-41AA-9C43-7A802D7C520B}.Ad-Hoc|Any CPU.Deploy.0 = Release|x86
		{12583420-26C9-41AA-9C43-7A802D7C520B}.Ad-Hoc|ARM.ActiveCfg = Release|ARM
		{12583420-26C9-41AA-9C43-7A802D7C520B}.Ad-Hoc|ARM.Build.0 = Release|ARM
		{12583420-26C9-41AA-9C43-7A802D7C520B}.Ad-Hoc|ARM.Deploy.0 = Release|ARM
		{12583420-26C9-41AA-9C43-7A802D7C520B}.Ad-Hoc|iPhone.ActiveCfg = Release|x86
		{12583420-26C9-41AA-9C43-7A802D7C520B}.Ad-Hoc|iPhone.Build.0 = Release|x86
		{12583420-26C9-41AA-9C43-7A802D7C520B}.Ad-Hoc|iPhone.Deploy.0 = Release|x86
		{12583420-26C9-41AA-9C43-7A802D7C520B}.Ad-Hoc|iPhoneSimulator.ActiveCfg = Release|x86
		{12583420-26C9-41AA-9C43-7A802D7C520B}.Ad-Hoc|iPhoneSimulator.Build.0 = Release|x86
		{12583420-26C9-41AA-9C43-7A802D7C520B}.Ad-Hoc|iPhoneSimulator.Deploy.0 = Release|x86
		{12583420-26C9-41AA-9C43-7A802D7C520B}.Ad-Hoc|x64.ActiveCfg = Release|x64
		{12583420-26C9-41AA-9C43-7A802D7C520B}.Ad-Hoc|x64.Build.0 = Release|x64
		{12583420-26C9-41AA-9C43-7A802D7C520B}.Ad-Hoc|x64.Deploy.0 = Release|x64
		{12583420-26C9-41AA-9C43-7A802D7C520B}.Ad-Hoc|x86.ActiveCfg = Release|x86
		{12583420-26C9-41AA-9C43-7A802D7C520B}.Ad-Hoc|x86.Build.0 = Release|x86
		{12583420-26C9-41AA-9C43-7A802D7C520B}.Ad-Hoc|x86.Deploy.0 = Release|x86
		{12583420-26C9-41AA-9C43-7A802D7C520B}.AppStore|Any CPU.ActiveCfg = Release|x86
		{12583420-26C9-41AA-9C43-7A802D7C520B}.AppStore|Any CPU.Build.0 = Release|x86
		{12583420-26C9-41AA-9C43-7A802D7C520B}.AppStore|Any CPU.Deploy.0 = Release|x86
		{12583420-26C9-41AA-9C43-7A802D7C520B}.AppStore|ARM.ActiveCfg = Release|ARM
		{12583420-26C9-41AA-9C43-7A802D7C520B}.AppStore|ARM.Build.0 = Release|ARM
		{12583420-26C9-41AA-9C43-7A802D7C520B}.AppStore|ARM.Deploy.0 = Release|ARM
		{12583420-26C9-41AA-9C43-7A802D7C520B}.AppStore|iPhone.ActiveCfg = Release|x86
		{12583420-26C9-41AA-9C43-7A802D7C520B}.AppStore|iPhone.Build.0 = Release|x86
		{12583420-26C9-41AA-9C43-7A802D7C520B}.AppStore|iPhone.Deploy.0 = Release|x86
		{12583420-26C9-41AA-9C43-7A802D7C520B}.AppStore|iPhoneSimulator.ActiveCfg = Release|x86
		{12583420-26C9-41AA-9C43-7A802D7C520B}.AppStore|iPhoneSimulator.Build.0 = Release|x86
		{12583420-26C9-41AA-9C43-7A802D7C520B}.AppStore|iPhoneSimulator.Deploy.0 = Release|x86
		{12583420-26C9-41AA-9C43-7A802D7C520B}.AppStore|x64.ActiveCfg = Release|x64
		{12583420-26C9-41AA-9C43-7A802D7C520B}.AppStore|x64.Build.0 = Release|x64
		{12583420-26C9-41AA-9C43-7A802D7C520B}.AppStore|x64.Deploy.0 = Release|x64
		{12583420-26C9-41AA-9C43-7A802D7C520B}.AppStore|x86.ActiveCfg = Release|x86
		{12583420-26C9-41AA-9C43-7A802D7C520B}.AppStore|x86.Build.0 = Release|x86
		{12583420-26C9-41AA-9C43-7A802D7C520B}.AppStore|x86.Deploy.0 = Release|x86
		{12583420-26C9-41AA-9C43-7A802D7C520B}.Debug|Any CPU.ActiveCfg = Debug|x86
		{12583420-26C9-41AA-9C43-7A802D7C520B}.Debug|ARM.ActiveCfg = Debug|ARM
		{12583420-26C9-41AA-9C43-7A802D7C520B}.Debug|ARM.Build.0 = Debug|ARM
		{12583420-26C9-41AA-9C43-7A802D7C520B}.Debug|ARM.Deploy.0 = Debug|ARM
		{12583420-26C9-41AA-9C43-7A802D7C520B}.Debug|iPhone.ActiveCfg = Debug|x86
		{12583420-26C9-41AA-9C43-7A802D7C520B}.Debug|iPhoneSimulator.ActiveCfg = Debug|x86
		{12583420-26C9-41AA-9C43-7A802D7C520B}.Debug|x64.ActiveCfg = Debug|x64
		{12583420-26C9-41AA-9C43-7A802D7C520B}.Debug|x64.Build.0 = Debug|x64
		{12583420-26C9-41AA-9C43-7A802D7C520B}.Debug|x64.Deploy.0 = Debug|x64
		{12583420-26C9-41AA-9C43-7A802D7C520B}.Debug|x86.ActiveCfg = Debug|x86
		{12583420-26C9-41AA-9C43-7A802D7C520B}.Debug|x86.Build.0 = Debug|x86
		{12583420-26C9-41AA-9C43-7A802D7C520B}.Debug|x86.Deploy.0 = Debug|x86
		{12583420-26C9-41AA-9C43-7A802D7C520B}.Release|Any CPU.ActiveCfg = Release|x86
		{12583420-26C9-41AA-9C43-7A802D7C520B}.Release|ARM.ActiveCfg = Release|ARM
		{12583420-26C9-41AA-9C43-7A802D7C520B}.Release|ARM.Build.0 = Release|ARM
		{12583420-26C9-41AA-9C43-7A802D7C520B}.Release|ARM.Deploy.0 = Release|ARM
		{12583420-26C9-41AA-9C43-7A802D7C520B}.Release|iPhone.ActiveCfg = Release|x86
		{12583420-26C9-41AA-9C43-7A802D7C520B}.Release|iPhoneSimulator.ActiveCfg = Release|x86
		{12583420-26C9-41AA-9C43-7A802D7C520B}.Release|x64.ActiveCfg = Release|x64
		{12583420-26C9-41AA-9C43-7A802D7C520B}.Release|x64.Build.0 = Release|x64
		{12583420-26C9-41AA-9C43-7A802D7C520B}.Release|x64.Deploy.0 = Release|x64
		{12583420-26C9-41AA-9C43-7A802D7C520B}.Release|x86.ActiveCfg = Release|x86
		{12583420-26C9-41AA-9C43-7A802D7C520B}.Release|x86.Build.0 = Release|x86
		{12583420-26C9-41AA-9C43-7A802D7C520B}.Release|x86.Deploy.0 = Release|x86
	EndGlobalSection
	GlobalSection(SolutionProperties) = preSolution
		HideSolutionNode = FALSE
	EndGlobalSection
	GlobalSection(ExtensibilityGlobals) = postSolution
		SolutionGuid = {A7C81082-C128-4154-98A9-51ACCB504722}
	EndGlobalSection
EndGlobal
